
Microsoft Visual Studio Solution File, Format Version 12.00
# Visual Studio Version 17
VisualStudioVersion = 17.8.34309.116
MinimumVisualStudioVersion = 10.0.40219.1
Project("{FAE04EC0-301F-11D3-BF4B-00C04F79EFBC}") = "projektFiltr", "projektFiltr\projektFiltr.csproj", "{03B5351E-8F85-4BE6-8D59-911418C7BF71}"
	ProjectSection(ProjectDependencies) = postProject
		{3C973AC7-97A7-4DC4-95DB-4940B34200E1} = {3C973AC7-97A7-4DC4-95DB-4940B34200E1}
	EndProjectSection
EndProject
Project("{8BC9CEB8-8B4A-11D0-8D11-00A0C91BC942}") = "JAAsm", "JAAsm\JAAsm.vcxproj", "{3C973AC7-97A7-4DC4-95DB-4940B34200E1}"
EndProject
Project("{8BC9CEB8-8B4A-11D0-8D11-00A0C91BC942}") = "FiltrCPP", "FiltrCPP\FiltrCPP.vcxproj", "{DEA2C4F3-A0DB-4EF8-A649-29DC85B63245}"
EndProject
Global
	GlobalSection(SolutionConfigurationPlatforms) = preSolution
		Debug|Any CPU = Debug|Any CPU
		Debug|x64 = Debug|x64
		Debug|x86 = Debug|x86
		Release|Any CPU = Release|Any CPU
		Release|x64 = Release|x64
		Release|x86 = Release|x86
	EndGlobalSection
	GlobalSection(ProjectConfigurationPlatforms) = postSolution
		{03B5351E-8F85-4BE6-8D59-911418C7BF71}.Debug|Any CPU.ActiveCfg = Debug|x64
		{03B5351E-8F85-4BE6-8D59-911418C7BF71}.Debug|Any CPU.Build.0 = Debug|x64
		{03B5351E-8F85-4BE6-8D59-911418C7BF71}.Debug|x64.ActiveCfg = Debug|x64
		{03B5351E-8F85-4BE6-8D59-911418C7BF71}.Debug|x64.Build.0 = Debug|x64
		{03B5351E-8F85-4BE6-8D59-911418C7BF71}.Debug|x86.ActiveCfg = Debug|Any CPU
		{03B5351E-8F85-4BE6-8D59-911418C7BF71}.Debug|x86.Build.0 = Debug|Any CPU
		{03B5351E-8F85-4BE6-8D59-911418C7BF71}.Release|Any CPU.ActiveCfg = Release|Any CPU
		{03B5351E-8F85-4BE6-8D59-911418C7BF71}.Release|Any CPU.Build.0 = Release|Any CPU
		{03B5351E-8F85-4BE6-8D59-911418C7BF71}.Release|x64.ActiveCfg = Release|x64
		{03B5351E-8F85-4BE6-8D59-911418C7BF71}.Release|x64.Build.0 = Release|x64
		{03B5351E-8F85-4BE6-8D59-911418C7BF71}.Release|x86.ActiveCfg = Release|Any CPU
		{03B5351E-8F85-4BE6-8D59-911418C7BF71}.Release|x86.Build.0 = Release|Any CPU
		{3C973AC7-97A7-4DC4-95DB-4940B34200E1}.Debug|Any CPU.ActiveCfg = Debug|x64
		{3C973AC7-97A7-4DC4-95DB-4940B34200E1}.Debug|x64.ActiveCfg = Debug|x64
		{3C973AC7-97A7-4DC4-95DB-4940B34200E1}.Debug|x64.Build.0 = Debug|x64
		{3C973AC7-97A7-4DC4-95DB-4940B34200E1}.Debug|x86.ActiveCfg = Debug|Win32
		{3C973AC7-97A7-4DC4-95DB-4940B34200E1}.Debug|x86.Build.0 = Debug|Win32
		{3C973AC7-97A7-4DC4-95DB-4940B34200E1}.Release|Any CPU.ActiveCfg = Release|Win32
		{3C973AC7-97A7-4DC4-95DB-4940B34200E1}.Release|x64.ActiveCfg = Release|x64
		{3C973AC7-97A7-4DC4-95DB-4940B34200E1}.Release|x64.Build.0 = Release|x64
		{3C973AC7-97A7-4DC4-95DB-4940B34200E1}.Release|x86.ActiveCfg = Release|Win32
		{3C973AC7-97A7-4DC4-95DB-4940B34200E1}.Release|x86.Build.0 = Release|Win32
		{DEA2C4F3-A0DB-4EF8-A649-29DC85B63245}.Debug|Any CPU.ActiveCfg = Debug|Win32
		{DEA2C4F3-A0DB-4EF8-A649-29DC85B63245}.Debug|x64.ActiveCfg = Debug|x64
		{DEA2C4F3-A0DB-4EF8-A649-29DC85B63245}.Debug|x64.Build.0 = Debug|x64
		{DEA2C4F3-A0DB-4EF8-A649-29DC85B63245}.Debug|x86.ActiveCfg = Debug|Win32
		{DEA2C4F3-A0DB-4EF8-A649-29DC85B63245}.Debug|x86.Build.0 = Debug|Win32
		{DEA2C4F3-A0DB-4EF8-A649-29DC85B63245}.Release|Any CPU.ActiveCfg = Release|Win32
		{DEA2C4F3-A0DB-4EF8-A649-29DC85B63245}.Release|x64.ActiveCfg = Release|x64
		{DEA2C4F3-A0DB-4EF8-A649-29DC85B63245}.Release|x64.Build.0 = Release|x64
		{DEA2C4F3-A0DB-4EF8-A649-29DC85B63245}.Release|x86.ActiveCfg = Release|Win32
		{DEA2C4F3-A0DB-4EF8-A649-29DC85B63245}.Release|x86.Build.0 = Release|Win32
	EndGlobalSection
	GlobalSection(SolutionProperties) = preSolution
		HideSolutionNode = FALSE
	EndGlobalSection
	GlobalSection(ExtensibilityGlobals) = postSolution
		SolutionGuid = {02EE4E7C-2F60-41C7-A680-2B77E44BB516}
	EndGlobalSection
EndGlobal
